{
  "name": "@nefbl/cli",
  "version": "0.1.0-alpha.1",
  "lockfileVersion": 1,
  "requires": true,
  "dependencies": {
    "@hai2007/nodejs": {
      "version": "1.1.0",
      "resolved": "https://registry.npmjs.org/@hai2007/nodejs/-/nodejs-1.1.0.tgz",
      "integrity": "sha512-pFY/92GwYy2oQbRDBM2aIIo3Nj3fzy1/2YKDhXThyy35uC3pbLKeLZFTl8X1dadmcfLIsJVfyNwuGpqVn4BJQQ==",
      "requires": {
        "@hai2007/tool": "^0.6.1"
      },
      "dependencies": {
        "@hai2007/tool": {
          "version": "0.6.6",
          "resolved": "https://registry.npmjs.org/@hai2007/tool/-/tool-0.6.6.tgz",
          "integrity": "sha512-NY+oSmnB2ihepJBDFw+2S6vUvJ+lj9AtibioWBbkEn2w/QOY+wNKBT1xgg0nstxx5ljWLd2oS9WqOPY/q7rICA=="
        }
      }
    },
    "@hai2007/tool": {
      "version": "0.9.0",
      "resolved": "https://registry.npmjs.org/@hai2007/tool/-/tool-0.9.0.tgz",
      "integrity": "sha512-AF47SAj93EMIbUwAlAL6qKwRje09zxnoJOzYZqOsamWN5uWiYnrhxMezeoMDYlKqYEldqBmyTv5l5wekwnbQSg=="
    }
  }
}
